
Microsoft Visual Studio Solution File, Format Version 12.00
# Visual Studio Express 14 for Windows Desktop
VisualStudioVersion = 14.0.25420.1
MinimumVisualStudioVersion = 10.0.40219.1
Project("{FAE04EC0-301F-11D3-BF4B-00C04F79EFBC}") = "ScanOpts", "ScanOpts\ScanOpts.csproj", "{A63BE4CE-8587-4FAC-B4CC-B1D30FD477F3}"
	ProjectSection(ProjectDependencies) = postProject
		{878FFB1D-12AE-4054-88D8-4E8F06162326} = {878FFB1D-12AE-4054-88D8-4E8F06162326}
		{5C456270-3C9A-4206-A953-0F8309AE8DA6} = {5C456270-3C9A-4206-A953-0F8309AE8DA6}
		{569B4376-8BB4-45FA-955F-A5D794523965} = {569B4376-8BB4-45FA-955F-A5D794523965}
		{50E4E67A-976C-40C0-9640-AF7D9964D591} = {50E4E67A-976C-40C0-9640-AF7D9964D591}
		{9FADC47B-EBC4-4E68-BE9A-94E6CF7722CC} = {9FADC47B-EBC4-4E68-BE9A-94E6CF7722CC}
		{FAD0D68B-E915-4924-B6C8-3C1304E02F0B} = {FAD0D68B-E915-4924-B6C8-3C1304E02F0B}
		{91AB1F97-D8F9-49E6-8018-4B56E0D6DDCA} = {91AB1F97-D8F9-49E6-8018-4B56E0D6DDCA}
		{FA5BB2EF-8849-4417-A154-E8A2C956F524} = {FA5BB2EF-8849-4417-A154-E8A2C956F524}
		{C108E9EF-436F-4B4C-B46F-6A2A5BD9710A} = {C108E9EF-436F-4B4C-B46F-6A2A5BD9710A}
	EndProjectSection
EndProject
Project("{FAE04EC0-301F-11D3-BF4B-00C04F79EFBC}") = "Core", "Core\Core.csproj", "{569B4376-8BB4-45FA-955F-A5D794523965}"
EndProject
Project("{FAE04EC0-301F-11D3-BF4B-00C04F79EFBC}") = "DIContainer", "DIContainer\DIContainer.csproj", "{9FADC47B-EBC4-4E68-BE9A-94E6CF7722CC}"
EndProject
Project("{FAE04EC0-301F-11D3-BF4B-00C04F79EFBC}") = "Logger", "Logger\Logger.csproj", "{FA5BB2EF-8849-4417-A154-E8A2C956F524}"
EndProject
Project("{FAE04EC0-301F-11D3-BF4B-00C04F79EFBC}") = "ORMService", "ORMService\ORMService.csproj", "{5C456270-3C9A-4206-A953-0F8309AE8DA6}"
	ProjectSection(ProjectDependencies) = postProject
		{569B4376-8BB4-45FA-955F-A5D794523965} = {569B4376-8BB4-45FA-955F-A5D794523965}
		{9FADC47B-EBC4-4E68-BE9A-94E6CF7722CC} = {9FADC47B-EBC4-4E68-BE9A-94E6CF7722CC}
	EndProjectSection
EndProject
Project("{FAE04EC0-301F-11D3-BF4B-00C04F79EFBC}") = "OptonsService", "OptonsService\OptonsService.csproj", "{FAD0D68B-E915-4924-B6C8-3C1304E02F0B}"
	ProjectSection(ProjectDependencies) = postProject
		{5C456270-3C9A-4206-A953-0F8309AE8DA6} = {5C456270-3C9A-4206-A953-0F8309AE8DA6}
		{569B4376-8BB4-45FA-955F-A5D794523965} = {569B4376-8BB4-45FA-955F-A5D794523965}
		{9FADC47B-EBC4-4E68-BE9A-94E6CF7722CC} = {9FADC47B-EBC4-4E68-BE9A-94E6CF7722CC}
	EndProjectSection
EndProject
Project("{FAE04EC0-301F-11D3-BF4B-00C04F79EFBC}") = "HistoryService", "HistoryService\HistoryService.csproj", "{C108E9EF-436F-4B4C-B46F-6A2A5BD9710A}"
EndProject
Project("{FAE04EC0-301F-11D3-BF4B-00C04F79EFBC}") = "SymbolService", "SymbolService\SymbolService.csproj", "{50E4E67A-976C-40C0-9640-AF7D9964D591}"
EndProject
Project("{FAE04EC0-301F-11D3-BF4B-00C04F79EFBC}") = "Services", "Services\Services.csproj", "{F2164640-A33D-48C4-B3A3-F19F3FA3554E}"
EndProject
Project("{FAE04EC0-301F-11D3-BF4B-00C04F79EFBC}") = "BollingerBandService", "BollingerBandService\BollingerBandService.csproj", "{91AB1F97-D8F9-49E6-8018-4B56E0D6DDCA}"
EndProject
Project("{FAE04EC0-301F-11D3-BF4B-00C04F79EFBC}") = "AnalyticsService", "AnalyticsService\AnalyticsService.csproj", "{878FFB1D-12AE-4054-88D8-4E8F06162326}"
EndProject
Global
	GlobalSection(SolutionConfigurationPlatforms) = preSolution
		Debug|Any CPU = Debug|Any CPU
		Debug|x86 = Debug|x86
		Release|Any CPU = Release|Any CPU
		Release|x86 = Release|x86
	EndGlobalSection
	GlobalSection(ProjectConfigurationPlatforms) = postSolution
		{A63BE4CE-8587-4FAC-B4CC-B1D30FD477F3}.Debug|Any CPU.ActiveCfg = Debug|x86
		{A63BE4CE-8587-4FAC-B4CC-B1D30FD477F3}.Debug|Any CPU.Build.0 = Debug|x86
		{A63BE4CE-8587-4FAC-B4CC-B1D30FD477F3}.Debug|x86.ActiveCfg = Debug|x86
		{A63BE4CE-8587-4FAC-B4CC-B1D30FD477F3}.Debug|x86.Build.0 = Debug|x86
		{A63BE4CE-8587-4FAC-B4CC-B1D30FD477F3}.Release|Any CPU.ActiveCfg = Release|x86
		{A63BE4CE-8587-4FAC-B4CC-B1D30FD477F3}.Release|x86.ActiveCfg = Release|x86
		{A63BE4CE-8587-4FAC-B4CC-B1D30FD477F3}.Release|x86.Build.0 = Release|x86
		{569B4376-8BB4-45FA-955F-A5D794523965}.Debug|Any CPU.ActiveCfg = Debug|Any CPU
		{569B4376-8BB4-45FA-955F-A5D794523965}.Debug|Any CPU.Build.0 = Debug|Any CPU
		{569B4376-8BB4-45FA-955F-A5D794523965}.Debug|x86.ActiveCfg = Debug|Any CPU
		{569B4376-8BB4-45FA-955F-A5D794523965}.Debug|x86.Build.0 = Debug|Any CPU
		{569B4376-8BB4-45FA-955F-A5D794523965}.Release|Any CPU.ActiveCfg = Release|Any CPU
		{569B4376-8BB4-45FA-955F-A5D794523965}.Release|Any CPU.Build.0 = Release|Any CPU
		{569B4376-8BB4-45FA-955F-A5D794523965}.Release|x86.ActiveCfg = Release|Any CPU
		{569B4376-8BB4-45FA-955F-A5D794523965}.Release|x86.Build.0 = Release|Any CPU
		{9FADC47B-EBC4-4E68-BE9A-94E6CF7722CC}.Debug|Any CPU.ActiveCfg = Debug|Any CPU
		{9FADC47B-EBC4-4E68-BE9A-94E6CF7722CC}.Debug|Any CPU.Build.0 = Debug|Any CPU
		{9FADC47B-EBC4-4E68-BE9A-94E6CF7722CC}.Debug|x86.ActiveCfg = Debug|Any CPU
		{9FADC47B-EBC4-4E68-BE9A-94E6CF7722CC}.Debug|x86.Build.0 = Debug|Any CPU
		{9FADC47B-EBC4-4E68-BE9A-94E6CF7722CC}.Release|Any CPU.ActiveCfg = Release|Any CPU
		{9FADC47B-EBC4-4E68-BE9A-94E6CF7722CC}.Release|Any CPU.Build.0 = Release|Any CPU
		{9FADC47B-EBC4-4E68-BE9A-94E6CF7722CC}.Release|x86.ActiveCfg = Release|Any CPU
		{9FADC47B-EBC4-4E68-BE9A-94E6CF7722CC}.Release|x86.Build.0 = Release|Any CPU
		{FA5BB2EF-8849-4417-A154-E8A2C956F524}.Debug|Any CPU.ActiveCfg = Debug|Any CPU
		{FA5BB2EF-8849-4417-A154-E8A2C956F524}.Debug|Any CPU.Build.0 = Debug|Any CPU
		{FA5BB2EF-8849-4417-A154-E8A2C956F524}.Debug|x86.ActiveCfg = Debug|Any CPU
		{FA5BB2EF-8849-4417-A154-E8A2C956F524}.Debug|x86.Build.0 = Debug|Any CPU
		{FA5BB2EF-8849-4417-A154-E8A2C956F524}.Release|Any CPU.ActiveCfg = Release|Any CPU
		{FA5BB2EF-8849-4417-A154-E8A2C956F524}.Release|Any CPU.Build.0 = Release|Any CPU
		{FA5BB2EF-8849-4417-A154-E8A2C956F524}.Release|x86.ActiveCfg = Release|Any CPU
		{FA5BB2EF-8849-4417-A154-E8A2C956F524}.Release|x86.Build.0 = Release|Any CPU
		{5C456270-3C9A-4206-A953-0F8309AE8DA6}.Debug|Any CPU.ActiveCfg = Debug|Any CPU
		{5C456270-3C9A-4206-A953-0F8309AE8DA6}.Debug|Any CPU.Build.0 = Debug|Any CPU
		{5C456270-3C9A-4206-A953-0F8309AE8DA6}.Debug|x86.ActiveCfg = Debug|Any CPU
		{5C456270-3C9A-4206-A953-0F8309AE8DA6}.Debug|x86.Build.0 = Debug|Any CPU
		{5C456270-3C9A-4206-A953-0F8309AE8DA6}.Release|Any CPU.ActiveCfg = Release|Any CPU
		{5C456270-3C9A-4206-A953-0F8309AE8DA6}.Release|Any CPU.Build.0 = Release|Any CPU
		{5C456270-3C9A-4206-A953-0F8309AE8DA6}.Release|x86.ActiveCfg = Release|Any CPU
		{5C456270-3C9A-4206-A953-0F8309AE8DA6}.Release|x86.Build.0 = Release|Any CPU
		{FAD0D68B-E915-4924-B6C8-3C1304E02F0B}.Debug|Any CPU.ActiveCfg = Debug|Any CPU
		{FAD0D68B-E915-4924-B6C8-3C1304E02F0B}.Debug|Any CPU.Build.0 = Debug|Any CPU
		{FAD0D68B-E915-4924-B6C8-3C1304E02F0B}.Debug|x86.ActiveCfg = Debug|Any CPU
		{FAD0D68B-E915-4924-B6C8-3C1304E02F0B}.Debug|x86.Build.0 = Debug|Any CPU
		{FAD0D68B-E915-4924-B6C8-3C1304E02F0B}.Release|Any CPU.ActiveCfg = Release|Any CPU
		{FAD0D68B-E915-4924-B6C8-3C1304E02F0B}.Release|Any CPU.Build.0 = Release|Any CPU
		{FAD0D68B-E915-4924-B6C8-3C1304E02F0B}.Release|x86.ActiveCfg = Release|Any CPU
		{FAD0D68B-E915-4924-B6C8-3C1304E02F0B}.Release|x86.Build.0 = Release|Any CPU
		{C108E9EF-436F-4B4C-B46F-6A2A5BD9710A}.Debug|Any CPU.ActiveCfg = Debug|Any CPU
		{C108E9EF-436F-4B4C-B46F-6A2A5BD9710A}.Debug|Any CPU.Build.0 = Debug|Any CPU
		{C108E9EF-436F-4B4C-B46F-6A2A5BD9710A}.Debug|x86.ActiveCfg = Debug|Any CPU
		{C108E9EF-436F-4B4C-B46F-6A2A5BD9710A}.Debug|x86.Build.0 = Debug|Any CPU
		{C108E9EF-436F-4B4C-B46F-6A2A5BD9710A}.Release|Any CPU.ActiveCfg = Release|Any CPU
		{C108E9EF-436F-4B4C-B46F-6A2A5BD9710A}.Release|Any CPU.Build.0 = Release|Any CPU
		{C108E9EF-436F-4B4C-B46F-6A2A5BD9710A}.Release|x86.ActiveCfg = Release|Any CPU
		{C108E9EF-436F-4B4C-B46F-6A2A5BD9710A}.Release|x86.Build.0 = Release|Any CPU
		{50E4E67A-976C-40C0-9640-AF7D9964D591}.Debug|Any CPU.ActiveCfg = Debug|Any CPU
		{50E4E67A-976C-40C0-9640-AF7D9964D591}.Debug|Any CPU.Build.0 = Debug|Any CPU
		{50E4E67A-976C-40C0-9640-AF7D9964D591}.Debug|x86.ActiveCfg = Debug|Any CPU
		{50E4E67A-976C-40C0-9640-AF7D9964D591}.Debug|x86.Build.0 = Debug|Any CPU
		{50E4E67A-976C-40C0-9640-AF7D9964D591}.Release|Any CPU.ActiveCfg = Release|Any CPU
		{50E4E67A-976C-40C0-9640-AF7D9964D591}.Release|Any CPU.Build.0 = Release|Any CPU
		{50E4E67A-976C-40C0-9640-AF7D9964D591}.Release|x86.ActiveCfg = Release|Any CPU
		{50E4E67A-976C-40C0-9640-AF7D9964D591}.Release|x86.Build.0 = Release|Any CPU
		{F2164640-A33D-48C4-B3A3-F19F3FA3554E}.Debug|Any CPU.ActiveCfg = Debug|Any CPU
		{F2164640-A33D-48C4-B3A3-F19F3FA3554E}.Debug|Any CPU.Build.0 = Debug|Any CPU
		{F2164640-A33D-48C4-B3A3-F19F3FA3554E}.Debug|x86.ActiveCfg = Debug|Any CPU
		{F2164640-A33D-48C4-B3A3-F19F3FA3554E}.Debug|x86.Build.0 = Debug|Any CPU
		{F2164640-A33D-48C4-B3A3-F19F3FA3554E}.Release|Any CPU.ActiveCfg = Release|Any CPU
		{F2164640-A33D-48C4-B3A3-F19F3FA3554E}.Release|Any CPU.Build.0 = Release|Any CPU
		{F2164640-A33D-48C4-B3A3-F19F3FA3554E}.Release|x86.ActiveCfg = Release|Any CPU
		{F2164640-A33D-48C4-B3A3-F19F3FA3554E}.Release|x86.Build.0 = Release|Any CPU
		{91AB1F97-D8F9-49E6-8018-4B56E0D6DDCA}.Debug|Any CPU.ActiveCfg = Debug|Any CPU
		{91AB1F97-D8F9-49E6-8018-4B56E0D6DDCA}.Debug|Any CPU.Build.0 = Debug|Any CPU
		{91AB1F97-D8F9-49E6-8018-4B56E0D6DDCA}.Debug|x86.ActiveCfg = Debug|Any CPU
		{91AB1F97-D8F9-49E6-8018-4B56E0D6DDCA}.Debug|x86.Build.0 = Debug|Any CPU
		{91AB1F97-D8F9-49E6-8018-4B56E0D6DDCA}.Release|Any CPU.ActiveCfg = Release|Any CPU
		{91AB1F97-D8F9-49E6-8018-4B56E0D6DDCA}.Release|Any CPU.Build.0 = Release|Any CPU
		{91AB1F97-D8F9-49E6-8018-4B56E0D6DDCA}.Release|x86.ActiveCfg = Release|Any CPU
		{91AB1F97-D8F9-49E6-8018-4B56E0D6DDCA}.Release|x86.Build.0 = Release|Any CPU
		{878FFB1D-12AE-4054-88D8-4E8F06162326}.Debug|Any CPU.ActiveCfg = Debug|Any CPU
		{878FFB1D-12AE-4054-88D8-4E8F06162326}.Debug|Any CPU.Build.0 = Debug|Any CPU
		{878FFB1D-12AE-4054-88D8-4E8F06162326}.Debug|x86.ActiveCfg = Debug|Any CPU
		{878FFB1D-12AE-4054-88D8-4E8F06162326}.Debug|x86.Build.0 = Debug|Any CPU
		{878FFB1D-12AE-4054-88D8-4E8F06162326}.Release|Any CPU.ActiveCfg = Release|Any CPU
		{878FFB1D-12AE-4054-88D8-4E8F06162326}.Release|Any CPU.Build.0 = Release|Any CPU
		{878FFB1D-12AE-4054-88D8-4E8F06162326}.Release|x86.ActiveCfg = Release|Any CPU
		{878FFB1D-12AE-4054-88D8-4E8F06162326}.Release|x86.Build.0 = Release|Any CPU
	EndGlobalSection
	GlobalSection(SolutionProperties) = preSolution
		HideSolutionNode = FALSE
	EndGlobalSection
EndGlobal
